
Microsoft Visual Studio Solution File, Format Version 12.00
# Visual Studio Version 17
VisualStudioVersion = 17.11.35327.3
MinimumVisualStudioVersion = 10.0.40219.1
Project("{FAE04EC0-301F-11D3-BF4B-00C04F79EFBC}") = "CinemaApp.UI", "CinemaApp.UI.csproj", "{BAA12196-D70F-4E48-959E-BBF5FCBCF3C0}"
EndProject
Project("{FAE04EC0-301F-11D3-BF4B-00C04F79EFBC}") = "CinemaApp.BLL", "..\CinemaApp.BLL\CinemaApp.BLL.csproj", "{12791EB2-CC0D-41E7-85EF-342EEE786630}"
EndProject
Project("{FAE04EC0-301F-11D3-BF4B-00C04F79EFBC}") = "CinemaApp.DAL", "..\CinemaApp.DAL\CinemaApp.DAL.csproj", "{A545F0E6-464A-4704-83E4-7A34F1196FE4}"
EndProject
Global
	GlobalSection(SolutionConfigurationPlatforms) = preSolution
		Debug|Any CPU = Debug|Any CPU
		Release|Any CPU = Release|Any CPU
	EndGlobalSection
	GlobalSection(ProjectConfigurationPlatforms) = postSolution
		{BAA12196-D70F-4E48-959E-BBF5FCBCF3C0}.Debug|Any CPU.ActiveCfg = Debug|Any CPU
		{BAA12196-D70F-4E48-959E-BBF5FCBCF3C0}.Debug|Any CPU.Build.0 = Debug|Any CPU
		{BAA12196-D70F-4E48-959E-BBF5FCBCF3C0}.Release|Any CPU.ActiveCfg = Release|Any CPU
		{BAA12196-D70F-4E48-959E-BBF5FCBCF3C0}.Release|Any CPU.Build.0 = Release|Any CPU
		{12791EB2-CC0D-41E7-85EF-342EEE786630}.Debug|Any CPU.ActiveCfg = Debug|Any CPU
		{12791EB2-CC0D-41E7-85EF-342EEE786630}.Debug|Any CPU.Build.0 = Debug|Any CPU
		{12791EB2-CC0D-41E7-85EF-342EEE786630}.Release|Any CPU.ActiveCfg = Release|Any CPU
		{12791EB2-CC0D-41E7-85EF-342EEE786630}.Release|Any CPU.Build.0 = Release|Any CPU
		{A545F0E6-464A-4704-83E4-7A34F1196FE4}.Debug|Any CPU.ActiveCfg = Debug|Any CPU
		{A545F0E6-464A-4704-83E4-7A34F1196FE4}.Debug|Any CPU.Build.0 = Debug|Any CPU
		{A545F0E6-464A-4704-83E4-7A34F1196FE4}.Release|Any CPU.ActiveCfg = Release|Any CPU
		{A545F0E6-464A-4704-83E4-7A34F1196FE4}.Release|Any CPU.Build.0 = Release|Any CPU
	EndGlobalSection
	GlobalSection(SolutionProperties) = preSolution
		HideSolutionNode = FALSE
	EndGlobalSection
	GlobalSection(ExtensibilityGlobals) = postSolution
		SolutionGuid = {C155A603-9762-4332-81AF-DA97317F7C05}
	EndGlobalSection
EndGlobal
